
Microsoft Visual Studio Solution File, Format Version 12.00
# Visual Studio Version 17
VisualStudioVersion = 17.4.33122.133
MinimumVisualStudioVersion = 10.0.40219.1
Project("{FAE04EC0-301F-11D3-BF4B-00C04F79EFBC}") = "redissession", "redissession.csproj", "{74AD2303-B0AB-41D8-BE3E-C49C57C885EC}"
EndProject
Global
	GlobalSection(SolutionConfigurationPlatforms) = preSolution
		Debug|Any CPU = Debug|Any CPU
		Release|Any CPU = Release|Any CPU
	EndGlobalSection
	GlobalSection(ProjectConfigurationPlatforms) = postSolution
		{74AD2303-B0AB-41D8-BE3E-C49C57C885EC}.Debug|Any CPU.ActiveCfg = Debug|Any CPU
		{74AD2303-B0AB-41D8-BE3E-C49C57C885EC}.Debug|Any CPU.Build.0 = Debug|Any CPU
		{74AD2303-B0AB-41D8-BE3E-C49C57C885EC}.Release|Any CPU.ActiveCfg = Release|Any CPU
		{74AD2303-B0AB-41D8-BE3E-C49C57C885EC}.Release|Any CPU.Build.0 = Release|Any CPU
	EndGlobalSection
	GlobalSection(SolutionProperties) = preSolution
		HideSolutionNode = FALSE
	EndGlobalSection
	GlobalSection(ExtensibilityGlobals) = postSolution
		SolutionGuid = {84697804-D48A-47D7-95A1-CE78A1721972}
	EndGlobalSection
EndGlobal
